
Microsoft Visual Studio Solution File, Format Version 12.00
# Visual Studio 15
VisualStudioVersion = 15.0.26430.16
MinimumVisualStudioVersion = 10.0.40219.1
Project("{FAE04EC0-301F-11D3-BF4B-00C04F79EFBC}") = "EA_Neo4j_SafetyAnalysis_AddIn", "Project1\EA_Neo4j_SafetyAnalysis_AddIn.csproj", "{25C40B32-D4F9-46BD-97A1-57B01788D575}"
EndProject
Project("{2150E333-8FDC-42A3-9474-1A3956D46DE8}") = "Solution Items", "Solution Items", "{1F6120C0-0111-4649-8F3F-265C9BD0AF3B}"
EndProject
Global
	GlobalSection(SolutionConfigurationPlatforms) = preSolution
		Debug|Any CPU = Debug|Any CPU
		Debug|Default = Debug|Default
		Release|Any CPU = Release|Any CPU
		Release|Default = Release|Default
	EndGlobalSection
	GlobalSection(ProjectConfigurationPlatforms) = postSolution
		{25C40B32-D4F9-46BD-97A1-57B01788D575}.Debug|Any CPU.ActiveCfg = Debug|Any CPU
		{25C40B32-D4F9-46BD-97A1-57B01788D575}.Debug|Any CPU.Build.0 = Debug|Any CPU
		{25C40B32-D4F9-46BD-97A1-57B01788D575}.Debug|Any CPU.Deploy.0 = Debug|Any CPU
		{25C40B32-D4F9-46BD-97A1-57B01788D575}.Debug|Default.ActiveCfg = Debug|Any CPU
		{25C40B32-D4F9-46BD-97A1-57B01788D575}.Release|Any CPU.ActiveCfg = Release|Any CPU
		{25C40B32-D4F9-46BD-97A1-57B01788D575}.Release|Any CPU.Build.0 = Release|Any CPU
		{25C40B32-D4F9-46BD-97A1-57B01788D575}.Release|Default.ActiveCfg = Release|Any CPU
		{25C40B32-D4F9-46BD-97A1-57B01788D575}.Release|Default.Build.0 = Release|Any CPU
	EndGlobalSection
	GlobalSection(SolutionProperties) = preSolution
		HideSolutionNode = FALSE
	EndGlobalSection
	GlobalSection(SolutionConfigurationPlatforms) = preSolution
		Debug|Any CPU = Debug|Any CPU
		Debug|Default = Debug|Default
		Release|Any CPU = Release|Any CPU
		Release|Default = Release|Default
	EndGlobalSection
	GlobalSection(SolutionConfigurationPlatforms) = preSolution
		Debug|Any CPU = Debug|Any CPU
		Debug|Default = Debug|Default
		Release|Any CPU = Release|Any CPU
		Release|Default = Release|Default
	EndGlobalSection
EndGlobal
